// !$*UTF8*$!
{
	archiveVersion = 1;
	classes = {
	};
	objectVersion = 56;
	objects = {

/* Begin PBXBuildFile section */
		5D0026262C89729000A30281 /* ObjectCaptureApp.swift in Sources */ = {isa = PBXBuildFile; fileRef = 5D0026252C89729000A30281 /* ObjectCaptureApp.swift */; };
		5D00262A2C89729200A30281 /* Assets.xcassets in Resources */ = {isa = PBXBuildFile; fileRef = 5D0026292C89729200A30281 /* Assets.xcassets */; };
		5D00262D2C89729200A30281 /* Preview Assets.xcassets in Resources */ = {isa = PBXBuildFile; fileRef = 5D00262C2C89729200A30281 /* Preview Assets.xcassets */; };
		5D2D74122C89A19000000AB6 /* FirebaseFirestore in Frameworks */ = {isa = PBXBuildFile; productRef = 5D2D74112C89A19000000AB6 /* FirebaseFirestore */; };
		5D2D74142C89A19000000AB6 /* FirebaseStorage in Frameworks */ = {isa = PBXBuildFile; productRef = 5D2D74132C89A19000000AB6 /* FirebaseStorage */; };
		5D2D74332C89A4C200000AB6 /* GoogleService-Info.plist in Resources */ = {isa = PBXBuildFile; fileRef = 5D2D74322C89A4C200000AB6 /* GoogleService-Info.plist */; };
		5D2D74372C89AEC300000AB6 /* AppDelegate.swift in Sources */ = {isa = PBXBuildFile; fileRef = 5D2D74362C89AEC300000AB6 /* AppDelegate.swift */; };
		5D2D743B2C89B10300000AB6 /* ObjectItems.swift in Sources */ = {isa = PBXBuildFile; fileRef = 5D2D743A2C89B10300000AB6 /* ObjectItems.swift */; };
		5D2D743F2C89B24B00000AB6 /* ObjectListVM.swift in Sources */ = {isa = PBXBuildFile; fileRef = 5D2D743E2C89B24B00000AB6 /* ObjectListVM.swift */; };
		5D2D74422C89B47F00000AB6 /* String+Extension.swift in Sources */ = {isa = PBXBuildFile; fileRef = 5D2D74412C89B47F00000AB6 /* String+Extension.swift */; };
		5D2D74452C89B4D000000AB6 /* ObjectsListView.swift in Sources */ = {isa = PBXBuildFile; fileRef = 5D2D74442C89B4D000000AB6 /* ObjectsListView.swift */; };
		5D2D74482C89B9DB00000AB6 /* ObjectFormView.swift in Sources */ = {isa = PBXBuildFile; fileRef = 5D2D74472C89B9DB00000AB6 /* ObjectFormView.swift */; };
		5D2D744B2C89BA3100000AB6 /* ObjectFormVM.swift in Sources */ = {isa = PBXBuildFile; fileRef = 5D2D744A2C89BA3100000AB6 /* ObjectFormVM.swift */; };
		5DF643B62C8B0D4800DD3FA5 /* USDZARCamera in Frameworks */ = {isa = PBXBuildFile; productRef = 5DF643B52C8B0D4800DD3FA5 /* USDZARCamera */; };
/* End PBXBuildFile section */

/* Begin PBXFileReference section */
		5D0026222C89729000A30281 /* ObjectCapture.app */ = {isa = PBXFileReference; explicitFileType = wrapper.application; includeInIndex = 0; path = ObjectCapture.app; sourceTree = BUILT_PRODUCTS_DIR; };
		5D0026252C89729000A30281 /* ObjectCaptureApp.swift */ = {isa = PBXFileReference; lastKnownFileType = sourcecode.swift; path = ObjectCaptureApp.swift; sourceTree = "<group>"; };
		5D0026292C89729200A30281 /* Assets.xcassets */ = {isa = PBXFileReference; lastKnownFileType = folder.assetcatalog; path = Assets.xcassets; sourceTree = "<group>"; };
		5D00262C2C89729200A30281 /* Preview Assets.xcassets */ = {isa = PBXFileReference; lastKnownFileType = folder.assetcatalog; path = "Preview Assets.xcassets"; sourceTree = "<group>"; };
		5D2D741C2C89A1F000000AB6 /* RealityKitContent */ = {isa = PBXFileReference; lastKnownFileType = wrapper; path = RealityKitContent; sourceTree = "<group>"; };
		5D2D74322C89A4C200000AB6 /* GoogleService-Info.plist */ = {isa = PBXFileReference; fileEncoding = 4; lastKnownFileType = text.plist.xml; path = "GoogleService-Info.plist"; sourceTree = "<group>"; };
		5D2D74342C89AE7500000AB6 /* Info.plist */ = {isa = PBXFileReference; lastKnownFileType = text.plist; path = Info.plist; sourceTree = "<group>"; };
		5D2D74362C89AEC300000AB6 /* AppDelegate.swift */ = {isa = PBXFileReference; lastKnownFileType = sourcecode.swift; path = AppDelegate.swift; sourceTree = "<group>"; };
		5D2D743A2C89B10300000AB6 /* ObjectItems.swift */ = {isa = PBXFileReference; lastKnownFileType = sourcecode.swift; path = ObjectItems.swift; sourceTree = "<group>"; };
		5D2D743E2C89B24B00000AB6 /* ObjectListVM.swift */ = {isa = PBXFileReference; lastKnownFileType = sourcecode.swift; path = ObjectListVM.swift; sourceTree = "<group>"; };
		5D2D74412C89B47F00000AB6 /* String+Extension.swift */ = {isa = PBXFileReference; lastKnownFileType = sourcecode.swift; path = "String+Extension.swift"; sourceTree = "<group>"; };
		5D2D74442C89B4D000000AB6 /* ObjectsListView.swift */ = {isa = PBXFileReference; lastKnownFileType = sourcecode.swift; path = ObjectsListView.swift; sourceTree = "<group>"; };
		5D2D74472C89B9DB00000AB6 /* ObjectFormView.swift */ = {isa = PBXFileReference; lastKnownFileType = sourcecode.swift; path = ObjectFormView.swift; sourceTree = "<group>"; };
		5D2D744A2C89BA3100000AB6 /* ObjectFormVM.swift */ = {isa = PBXFileReference; lastKnownFileType = sourcecode.swift; path = ObjectFormVM.swift; sourceTree = "<group>"; };
/* End PBXFileReference section */

/* Begin PBXFrameworksBuildPhase section */
		5D00261F2C89729000A30281 /* Frameworks */ = {
			isa = PBXFrameworksBuildPhase;
			buildActionMask = 2147483647;
			files = (
				5D2D74122C89A19000000AB6 /* FirebaseFirestore in Frameworks */,
				5D2D74142C89A19000000AB6 /* FirebaseStorage in Frameworks */,
				5DF643B62C8B0D4800DD3FA5 /* USDZARCamera in Frameworks */,
			);
			runOnlyForDeploymentPostprocessing = 0;
		};
/* End PBXFrameworksBuildPhase section */

/* Begin PBXGroup section */
		5D0026192C89729000A30281 = {
			isa = PBXGroup;
			children = (
				5D2D74352C89AEA700000AB6 /* Shared */,
				5D0026242C89729000A30281 /* ObjectCapture */,
				5D2D741B2C89A1F000000AB6 /* Packages */,
				5D0026232C89729000A30281 /* Products */,
				5D2D74102C89A19000000AB6 /* Frameworks */,
			);
			sourceTree = "<group>";
		};
		5D0026232C89729000A30281 /* Products */ = {
			isa = PBXGroup;
			children = (
				5D0026222C89729000A30281 /* ObjectCapture.app */,
			);
			name = Products;
			sourceTree = "<group>";
		};
		5D0026242C89729000A30281 /* ObjectCapture */ = {
			isa = PBXGroup;
			children = (
				5D2D74492C89BA1500000AB6 /* Observables */,
				5D2D74462C89B9C400000AB6 /* Views */,
				5D2D74342C89AE7500000AB6 /* Info.plist */,
				5D2D74322C89A4C200000AB6 /* GoogleService-Info.plist */,
				5D0026252C89729000A30281 /* ObjectCaptureApp.swift */,
				5D0026292C89729200A30281 /* Assets.xcassets */,
				5D00262B2C89729200A30281 /* Preview Content */,
			);
			path = ObjectCapture;
			sourceTree = "<group>";
		};
		5D00262B2C89729200A30281 /* Preview Content */ = {
			isa = PBXGroup;
			children = (
				5D00262C2C89729200A30281 /* Preview Assets.xcassets */,
			);
			path = "Preview Content";
			sourceTree = "<group>";
		};
		5D2D74102C89A19000000AB6 /* Frameworks */ = {
			isa = PBXGroup;
			children = (
			);
			name = Frameworks;
			sourceTree = "<group>";
		};
		5D2D741B2C89A1F000000AB6 /* Packages */ = {
			isa = PBXGroup;
			children = (
				5D2D741C2C89A1F000000AB6 /* RealityKitContent */,
			);
			path = Packages;
			sourceTree = "<group>";
		};
		5D2D74352C89AEA700000AB6 /* Shared */ = {
			isa = PBXGroup;
			children = (
				5D2D743D2C89B22D00000AB6 /* Observables */,
				5D2D74392C89B0EF00000AB6 /* Models */,
				5D2D74362C89AEC300000AB6 /* AppDelegate.swift */,
				5D2D74412C89B47F00000AB6 /* String+Extension.swift */,
			);
			path = Shared;
			sourceTree = "<group>";
		};
		5D2D74392C89B0EF00000AB6 /* Models */ = {
			isa = PBXGroup;
			children = (
				5D2D743A2C89B10300000AB6 /* ObjectItems.swift */,
			);
			path = Models;
			sourceTree = "<group>";
		};
		5D2D743D2C89B22D00000AB6 /* Observables */ = {
			isa = PBXGroup;
			children = (
				5D2D743E2C89B24B00000AB6 /* ObjectListVM.swift */,
			);
			path = Observables;
			sourceTree = "<group>";
		};
		5D2D74462C89B9C400000AB6 /* Views */ = {
			isa = PBXGroup;
			children = (
				5D2D74442C89B4D000000AB6 /* ObjectsListView.swift */,
				5D2D74472C89B9DB00000AB6 /* ObjectFormView.swift */,
			);
			path = Views;
			sourceTree = "<group>";
		};
		5D2D74492C89BA1500000AB6 /* Observables */ = {
			isa = PBXGroup;
			children = (
				5D2D744A2C89BA3100000AB6 /* ObjectFormVM.swift */,
			);
			path = Observables;
			sourceTree = "<group>";
		};
/* End PBXGroup section */

/* Begin PBXNativeTarget section */
		5D0026212C89729000A30281 /* ObjectCapture */ = {
			isa = PBXNativeTarget;
			buildConfigurationList = 5D0026302C89729200A30281 /* Build configuration list for PBXNativeTarget "ObjectCapture" */;
			buildPhases = (
				5D00261E2C89729000A30281 /* Sources */,
				5D00261F2C89729000A30281 /* Frameworks */,
				5D0026202C89729000A30281 /* Resources */,
			);
			buildRules = (
			);
			dependencies = (
			);
			name = ObjectCapture;
			packageProductDependencies = (
				5D2D74112C89A19000000AB6 /* FirebaseFirestore */,
				5D2D74132C89A19000000AB6 /* FirebaseStorage */,
				5DF643B52C8B0D4800DD3FA5 /* USDZARCamera */,
			);
			productName = ObjectCapture;
			productReference = 5D0026222C89729000A30281 /* ObjectCapture.app */;
			productType = "com.apple.product-type.application";
		};
/* End PBXNativeTarget section */

/* Begin PBXProject section */
		5D00261A2C89729000A30281 /* Project object */ = {
			isa = PBXProject;
			attributes = {
				BuildIndependentTargetsInParallel = 1;
				LastSwiftUpdateCheck = 1540;
				LastUpgradeCheck = 1540;
				TargetAttributes = {
					5D0026212C89729000A30281 = {
						CreatedOnToolsVersion = 15.4;
					};
				};
			};
			buildConfigurationList = 5D00261D2C89729000A30281 /* Build configuration list for PBXProject "ObjectCapture" */;
			compatibilityVersion = "Xcode 14.0";
			developmentRegion = en;
			hasScannedForEncodings = 0;
			knownRegions = (
				en,
				Base,
			);
			mainGroup = 5D0026192C89729000A30281;
			packageReferences = (
				5D2D740F2C89A06800000AB6 /* XCRemoteSwiftPackageReference "firebase-ios-sdk" */,
				5DF643B42C8B0D4800DD3FA5 /* XCRemoteSwiftPackageReference "USDZARCamera" */,
			);
			productRefGroup = 5D0026232C89729000A30281 /* Products */;
			projectDirPath = "";
			projectRoot = "";
			targets = (
				5D0026212C89729000A30281 /* ObjectCapture */,
			);
		};
/* End PBXProject section */

/* Begin PBXResourcesBuildPhase section */
		5D0026202C89729000A30281 /* Resources */ = {
			isa = PBXResourcesBuildPhase;
			buildActionMask = 2147483647;
			files = (
				5D00262D2C89729200A30281 /* Preview Assets.xcassets in Resources */,
				5D00262A2C89729200A30281 /* Assets.xcassets in Resources */,
				5D2D74332C89A4C200000AB6 /* GoogleService-Info.plist in Resources */,
			);
			runOnlyForDeploymentPostprocessing = 0;
		};
/* End PBXResourcesBuildPhase section */

/* Begin PBXSourcesBuildPhase section */
		5D00261E2C89729000A30281 /* Sources */ = {
			isa = PBXSourcesBuildPhase;
			buildActionMask = 2147483647;
			files = (
				5D2D74372C89AEC300000AB6 /* AppDelegate.swift in Sources */,
				5D2D743F2C89B24B00000AB6 /* ObjectListVM.swift in Sources */,
				5D2D743B2C89B10300000AB6 /* ObjectItems.swift in Sources */,
				5D2D74422C89B47F00000AB6 /* String+Extension.swift in Sources */,
				5D2D74482C89B9DB00000AB6 /* ObjectFormView.swift in Sources */,
				5D2D74452C89B4D000000AB6 /* ObjectsListView.swift in Sources */,
				5D0026262C89729000A30281 /* ObjectCaptureApp.swift in Sources */,
				5D2D744B2C89BA3100000AB6 /* ObjectFormVM.swift in Sources */,
			);
			runOnlyForDeploymentPostprocessing = 0;
		};
/* End PBXSourcesBuildPhase section */

/* Begin XCBuildConfiguration section */
		5D00262E2C89729200A30281 /* Debug */ = {
			isa = XCBuildConfiguration;
			buildSettings = {
				ALWAYS_SEARCH_USER_PATHS = NO;
				ASSETCATALOG_COMPILER_GENERATE_SWIFT_ASSET_SYMBOL_EXTENSIONS = YES;
				CLANG_ANALYZER_NONNULL = YES;
				CLANG_ANALYZER_NUMBER_OBJECT_CONVERSION = YES_AGGRESSIVE;
				CLANG_CXX_LANGUAGE_STANDARD = "gnu++20";
				CLANG_ENABLE_MODULES = YES;
				CLANG_ENABLE_OBJC_ARC = YES;
				CLANG_ENABLE_OBJC_WEAK = YES;
				CLANG_WARN_BLOCK_CAPTURE_AUTORELEASING = YES;
				CLANG_WARN_BOOL_CONVERSION = YES;
				CLANG_WARN_COMMA = YES;
				CLANG_WARN_CONSTANT_CONVERSION = YES;
				CLANG_WARN_DEPRECATED_OBJC_IMPLEMENTATIONS = YES;
				CLANG_WARN_DIRECT_OBJC_ISA_USAGE = YES_ERROR;
				CLANG_WARN_DOCUMENTATION_COMMENTS = YES;
				CLANG_WARN_EMPTY_BODY = YES;
				CLANG_WARN_ENUM_CONVERSION = YES;
				CLANG_WARN_INFINITE_RECURSION = YES;
				CLANG_WARN_INT_CONVERSION = YES;
				CLANG_WARN_NON_LITERAL_NULL_CONVERSION = YES;
				CLANG_WARN_OBJC_IMPLICIT_RETAIN_SELF = YES;
				CLANG_WARN_OBJC_LITERAL_CONVERSION = YES;
				CLANG_WARN_OBJC_ROOT_CLASS = YES_ERROR;
				CLANG_WARN_QUOTED_INCLUDE_IN_FRAMEWORK_HEADER = YES;
				CLANG_WARN_RANGE_LOOP_ANALYSIS = YES;
				CLANG_WARN_STRICT_PROTOTYPES = YES;
				CLANG_WARN_SUSPICIOUS_MOVE = YES;
				CLANG_WARN_UNGUARDED_AVAILABILITY = YES_AGGRESSIVE;
				CLANG_WARN_UNREACHABLE_CODE = YES;
				CLANG_WARN__DUPLICATE_METHOD_MATCH = YES;
				COPY_PHASE_STRIP = NO;
				DEBUG_INFORMATION_FORMAT = dwarf;
				ENABLE_STRICT_OBJC_MSGSEND = YES;
				ENABLE_TESTABILITY = YES;
				ENABLE_USER_SCRIPT_SANDBOXING = YES;
				GCC_C_LANGUAGE_STANDARD = gnu17;
				GCC_DYNAMIC_NO_PIC = NO;
				GCC_NO_COMMON_BLOCKS = YES;
				GCC_OPTIMIZATION_LEVEL = 0;
				GCC_PREPROCESSOR_DEFINITIONS = (
					"DEBUG=1",
					"$(inherited)",
				);
				GCC_WARN_64_TO_32_BIT_CONVERSION = YES;
				GCC_WARN_ABOUT_RETURN_TYPE = YES_ERROR;
				GCC_WARN_UNDECLARED_SELECTOR = YES;
				GCC_WARN_UNINITIALIZED_AUTOS = YES_AGGRESSIVE;
				GCC_WARN_UNUSED_FUNCTION = YES;
				GCC_WARN_UNUSED_VARIABLE = YES;
				IPHONEOS_DEPLOYMENT_TARGET = 17.5;
				LOCALIZATION_PREFERS_STRING_CATALOGS = YES;
				MTL_ENABLE_DEBUG_INFO = INCLUDE_SOURCE;
				MTL_FAST_MATH = YES;
				ONLY_ACTIVE_ARCH = YES;
				SDKROOT = iphoneos;
				SWIFT_ACTIVE_COMPILATION_CONDITIONS = "DEBUG $(inherited)";
				SWIFT_OPTIMIZATION_LEVEL = "-Onone";
			};
			name = Debug;
		};
		5D00262F2C89729200A30281 /* Release */ = {
			isa = XCBuildConfiguration;
			buildSettings = {
				ALWAYS_SEARCH_USER_PATHS = NO;
				ASSETCATALOG_COMPILER_GENERATE_SWIFT_ASSET_SYMBOL_EXTENSIONS = YES;
				CLANG_ANALYZER_NONNULL = YES;
				CLANG_ANALYZER_NUMBER_OBJECT_CONVERSION = YES_AGGRESSIVE;
				CLANG_CXX_LANGUAGE_STANDARD = "gnu++20";
				CLANG_ENABLE_MODULES = YES;
				CLANG_ENABLE_OBJC_ARC = YES;
				CLANG_ENABLE_OBJC_WEAK = YES;
				CLANG_WARN_BLOCK_CAPTURE_AUTORELEASING = YES;
				CLANG_WARN_BOOL_CONVERSION = YES;
				CLANG_WARN_COMMA = YES;
				CLANG_WARN_CONSTANT_CONVERSION = YES;
				CLANG_WARN_DEPRECATED_OBJC_IMPLEMENTATIONS = YES;
				CLANG_WARN_DIRECT_OBJC_ISA_USAGE = YES_ERROR;
				CLANG_WARN_DOCUMENTATION_COMMENTS = YES;
				CLANG_WARN_EMPTY_BODY = YES;
				CLANG_WARN_ENUM_CONVERSION = YES;
				CLANG_WARN_INFINITE_RECURSION = YES;
				CLANG_WARN_INT_CONVERSION = YES;
				CLANG_WARN_NON_LITERAL_NULL_CONVERSION = YES;
				CLANG_WARN_OBJC_IMPLICIT_RETAIN_SELF = YES;
				CLANG_WARN_OBJC_LITERAL_CONVERSION = YES;
				CLANG_WARN_OBJC_ROOT_CLASS = YES_ERROR;
				CLANG_WARN_QUOTED_INCLUDE_IN_FRAMEWORK_HEADER = YES;
				CLANG_WARN_RANGE_LOOP_ANALYSIS = YES;
				CLANG_WARN_STRICT_PROTOTYPES = YES;
				CLANG_WARN_SUSPICIOUS_MOVE = YES;
				CLANG_WARN_UNGUARDED_AVAILABILITY = YES_AGGRESSIVE;
				CLANG_WARN_UNREACHABLE_CODE = YES;
				CLANG_WARN__DUPLICATE_METHOD_MATCH = YES;
				COPY_PHASE_STRIP = NO;
				DEBUG_INFORMATION_FORMAT = "dwarf-with-dsym";
				ENABLE_NS_ASSERTIONS = NO;
				ENABLE_STRICT_OBJC_MSGSEND = YES;
				ENABLE_USER_SCRIPT_SANDBOXING = YES;
				GCC_C_LANGUAGE_STANDARD = gnu17;
				GCC_NO_COMMON_BLOCKS = YES;
				GCC_WARN_64_TO_32_BIT_CONVERSION = YES;
				GCC_WARN_ABOUT_RETURN_TYPE = YES_ERROR;
				GCC_WARN_UNDECLARED_SELECTOR = YES;
				GCC_WARN_UNINITIALIZED_AUTOS = YES_AGGRESSIVE;
				GCC_WARN_UNUSED_FUNCTION = YES;
				GCC_WARN_UNUSED_VARIABLE = YES;
				IPHONEOS_DEPLOYMENT_TARGET = 17.5;
				LOCALIZATION_PREFERS_STRING_CATALOGS = YES;
				MTL_ENABLE_DEBUG_INFO = NO;
				MTL_FAST_MATH = YES;
				SDKROOT = iphoneos;
				SWIFT_COMPILATION_MODE = wholemodule;
				VALIDATE_PRODUCT = YES;
			};
			name = Release;
		};
		5D0026312C89729200A30281 /* Debug */ = {
			isa = XCBuildConfiguration;
			buildSettings = {
				ASSETCATALOG_COMPILER_APPICON_NAME = AppIcon;
				ASSETCATALOG_COMPILER_GLOBAL_ACCENT_COLOR_NAME = AccentColor;
				CODE_SIGN_STYLE = Automatic;
				CURRENT_PROJECT_VERSION = 1;
				DEVELOPMENT_ASSET_PATHS = "\"ObjectCapture/Preview Content\"";
				DEVELOPMENT_TEAM = GF88UVWV8D;
				ENABLE_PREVIEWS = YES;
				GENERATE_INFOPLIST_FILE = YES;
				INFOPLIST_FILE = ObjectCapture/Info.plist;
				INFOPLIST_KEY_LSApplicationCategoryType = "";
				INFOPLIST_KEY_NSCameraUsageDescription = "Camera will be use for scanning here.";
				INFOPLIST_KEY_UIApplicationSceneManifest_Generation = YES;
				INFOPLIST_KEY_UIApplicationSupportsIndirectInputEvents = YES;
				INFOPLIST_KEY_UILaunchScreen_Generation = YES;
				INFOPLIST_KEY_UISupportedInterfaceOrientations_iPad = "UIInterfaceOrientationPortrait UIInterfaceOrientationPortraitUpsideDown UIInterfaceOrientationLandscapeLeft UIInterfaceOrientationLandscapeRight";
				INFOPLIST_KEY_UISupportedInterfaceOrientations_iPhone = "UIInterfaceOrientationPortrait UIInterfaceOrientationLandscapeLeft UIInterfaceOrientationLandscapeRight";
				LD_RUNPATH_SEARCH_PATHS = (
					"$(inherited)",
					"@executable_path/Frameworks",
				);
				MARKETING_VERSION = 1.0;
				PRODUCT_BUNDLE_IDENTIFIER = com.ObjectCapture;
				PRODUCT_NAME = "$(TARGET_NAME)";
				SWIFT_EMIT_LOC_STRINGS = YES;
				SWIFT_VERSION = 5.0;
				TARGETED_DEVICE_FAMILY = "1,2";
			};
			name = Debug;
		};
		5D0026322C89729200A30281 /* Release */ = {
			isa = XCBuildConfiguration;
			buildSettings = {
				ASSETCATALOG_COMPILER_APPICON_NAME = AppIcon;
				ASSETCATALOG_COMPILER_GLOBAL_ACCENT_COLOR_NAME = AccentColor;
				CODE_SIGN_STYLE = Automatic;
				CURRENT_PROJECT_VERSION = 1;
				DEVELOPMENT_ASSET_PATHS = "\"ObjectCapture/Preview Content\"";
				DEVELOPMENT_TEAM = GF88UVWV8D;
				ENABLE_PREVIEWS = YES;
				GENERATE_INFOPLIST_FILE = YES;
				INFOPLIST_FILE = ObjectCapture/Info.plist;
				INFOPLIST_KEY_LSApplicationCategoryType = "";
				INFOPLIST_KEY_NSCameraUsageDescription = "Camera will be use for scanning here.";
				INFOPLIST_KEY_UIApplicationSceneManifest_Generation = YES;
				INFOPLIST_KEY_UIApplicationSupportsIndirectInputEvents = YES;
				INFOPLIST_KEY_UILaunchScreen_Generation = YES;
				INFOPLIST_KEY_UISupportedInterfaceOrientations_iPad = "UIInterfaceOrientationPortrait UIInterfaceOrientationPortraitUpsideDown UIInterfaceOrientationLandscapeLeft UIInterfaceOrientationLandscapeRight";
				INFOPLIST_KEY_UISupportedInterfaceOrientations_iPhone = "UIInterfaceOrientationPortrait UIInterfaceOrientationLandscapeLeft UIInterfaceOrientationLandscapeRight";
				LD_RUNPATH_SEARCH_PATHS = (
					"$(inherited)",
					"@executable_path/Frameworks",
				);
				MARKETING_VERSION = 1.0;
				PRODUCT_BUNDLE_IDENTIFIER = com.ObjectCapture;
				PRODUCT_NAME = "$(TARGET_NAME)";
				SWIFT_EMIT_LOC_STRINGS = YES;
				SWIFT_VERSION = 5.0;
				TARGETED_DEVICE_FAMILY = "1,2";
			};
			name = Release;
		};
/* End XCBuildConfiguration section */

/* Begin XCConfigurationList section */
		5D00261D2C89729000A30281 /* Build configuration list for PBXProject "ObjectCapture" */ = {
			isa = XCConfigurationList;
			buildConfigurations = (
				5D00262E2C89729200A30281 /* Debug */,
				5D00262F2C89729200A30281 /* Release */,
			);
			defaultConfigurationIsVisible = 0;
			defaultConfigurationName = Release;
		};
		5D0026302C89729200A30281 /* Build configuration list for PBXNativeTarget "ObjectCapture" */ = {
			isa = XCConfigurationList;
			buildConfigurations = (
				5D0026312C89729200A30281 /* Debug */,
				5D0026322C89729200A30281 /* Release */,
			);
			defaultConfigurationIsVisible = 0;
			defaultConfigurationName = Release;
		};
/* End XCConfigurationList section */

/* Begin XCRemoteSwiftPackageReference section */
		5D2D740F2C89A06800000AB6 /* XCRemoteSwiftPackageReference "firebase-ios-sdk" */ = {
			isa = XCRemoteSwiftPackageReference;
			repositoryURL = "https://github.com/firebase/firebase-ios-sdk.git";
			requirement = {
				kind = upToNextMajorVersion;
				minimumVersion = 11.1.0;
			};
		};
		5DF643B42C8B0D4800DD3FA5 /* XCRemoteSwiftPackageReference "USDZARCamera" */ = {
			isa = XCRemoteSwiftPackageReference;
			repositoryURL = "https://github.com/JeckyKukadiya/USDZARCamera";
			requirement = {
				kind = upToNextMajorVersion;
				minimumVersion = 1.0.0;
			};
		};
/* End XCRemoteSwiftPackageReference section */

/* Begin XCSwiftPackageProductDependency section */
		5D2D74112C89A19000000AB6 /* FirebaseFirestore */ = {
			isa = XCSwiftPackageProductDependency;
			package = 5D2D740F2C89A06800000AB6 /* XCRemoteSwiftPackageReference "firebase-ios-sdk" */;
			productName = FirebaseFirestore;
		};
		5D2D74132C89A19000000AB6 /* FirebaseStorage */ = {
			isa = XCSwiftPackageProductDependency;
			package = 5D2D740F2C89A06800000AB6 /* XCRemoteSwiftPackageReference "firebase-ios-sdk" */;
			productName = FirebaseStorage;
		};
		5DF643B52C8B0D4800DD3FA5 /* USDZARCamera */ = {
			isa = XCSwiftPackageProductDependency;
			package = 5DF643B42C8B0D4800DD3FA5 /* XCRemoteSwiftPackageReference "USDZARCamera" */;
			productName = USDZARCamera;
		};
/* End XCSwiftPackageProductDependency section */
	};
	rootObject = 5D00261A2C89729000A30281 /* Project object */;
}
